
Microsoft Visual Studio Solution File, Format Version 12.00
# Visual Studio 15
VisualStudioVersion = 15.0.27004.2002
MinimumVisualStudioVersion = 10.0.40219.1
Project("{FAE04EC0-301F-11D3-BF4B-00C04F79EFBC}") = "StratumMiner.ConsoleUI", "StratumMiner.ConsoleUI\StratumMiner.ConsoleUI.csproj", "{7C098871-6ED2-4150-B541-20090A3C8FDC}"
EndProject
Project("{FAE04EC0-301F-11D3-BF4B-00C04F79EFBC}") = "StratumMiner.StratumProcol", "StratumMiner.StratumProcol\StratumMiner.StratumProcol.csproj", "{EF0EC004-3FAC-4A91-8729-CFB80712463B}"
EndProject
Project("{FAE04EC0-301F-11D3-BF4B-00C04F79EFBC}") = "StratumMiner.MiningService", "StratumMiner.MiningService\StratumMiner.MiningService.csproj", "{E871A720-9F37-404F-A3C3-3F3146BD1CE8}"
EndProject
Project("{FAE04EC0-301F-11D3-BF4B-00C04F79EFBC}") = "StratumMiner.Tests", "StratumMiner.Tests\StratumMiner.Tests.csproj", "{C32B86EA-358E-4113-AADD-F0630B5D1E42}"
EndProject
Global
	GlobalSection(SolutionConfigurationPlatforms) = preSolution
		Debug|Any CPU = Debug|Any CPU
		Release|Any CPU = Release|Any CPU
	EndGlobalSection
	GlobalSection(ProjectConfigurationPlatforms) = postSolution
		{7C098871-6ED2-4150-B541-20090A3C8FDC}.Debug|Any CPU.ActiveCfg = Debug|Any CPU
		{7C098871-6ED2-4150-B541-20090A3C8FDC}.Debug|Any CPU.Build.0 = Debug|Any CPU
		{7C098871-6ED2-4150-B541-20090A3C8FDC}.Release|Any CPU.ActiveCfg = Release|Any CPU
		{7C098871-6ED2-4150-B541-20090A3C8FDC}.Release|Any CPU.Build.0 = Release|Any CPU
		{EF0EC004-3FAC-4A91-8729-CFB80712463B}.Debug|Any CPU.ActiveCfg = Debug|Any CPU
		{EF0EC004-3FAC-4A91-8729-CFB80712463B}.Debug|Any CPU.Build.0 = Debug|Any CPU
		{EF0EC004-3FAC-4A91-8729-CFB80712463B}.Release|Any CPU.ActiveCfg = Release|Any CPU
		{EF0EC004-3FAC-4A91-8729-CFB80712463B}.Release|Any CPU.Build.0 = Release|Any CPU
		{E871A720-9F37-404F-A3C3-3F3146BD1CE8}.Debug|Any CPU.ActiveCfg = Debug|Any CPU
		{E871A720-9F37-404F-A3C3-3F3146BD1CE8}.Debug|Any CPU.Build.0 = Debug|Any CPU
		{E871A720-9F37-404F-A3C3-3F3146BD1CE8}.Release|Any CPU.ActiveCfg = Release|Any CPU
		{E871A720-9F37-404F-A3C3-3F3146BD1CE8}.Release|Any CPU.Build.0 = Release|Any CPU
		{C32B86EA-358E-4113-AADD-F0630B5D1E42}.Debug|Any CPU.ActiveCfg = Debug|Any CPU
		{C32B86EA-358E-4113-AADD-F0630B5D1E42}.Debug|Any CPU.Build.0 = Debug|Any CPU
		{C32B86EA-358E-4113-AADD-F0630B5D1E42}.Release|Any CPU.ActiveCfg = Release|Any CPU
		{C32B86EA-358E-4113-AADD-F0630B5D1E42}.Release|Any CPU.Build.0 = Release|Any CPU
	EndGlobalSection
	GlobalSection(SolutionProperties) = preSolution
		HideSolutionNode = FALSE
	EndGlobalSection
	GlobalSection(ExtensibilityGlobals) = postSolution
		SolutionGuid = {676C510B-7782-4C32-809C-AECA347FE4DE}
	EndGlobalSection
EndGlobal
